
Microsoft Visual Studio Solution File, Format Version 12.00
# Visual Studio Version 17
VisualStudioVersion = 17.3.32929.385
MinimumVisualStudioVersion = 10.0.40219.1
Project("{FAE04EC0-301F-11D3-BF4B-00C04F79EFBC}") = "AIS-Students", "AIS-Students\AIS-Students.csproj", "{2F129AA6-D163-4932-BDD7-39D0E5CE8821}"
EndProject
Global
	GlobalSection(SolutionConfigurationPlatforms) = preSolution
		Debug|Any CPU = Debug|Any CPU
		Release|Any CPU = Release|Any CPU
	EndGlobalSection
	GlobalSection(ProjectConfigurationPlatforms) = postSolution
		{2F129AA6-D163-4932-BDD7-39D0E5CE8821}.Debug|Any CPU.ActiveCfg = Debug|Any CPU
		{2F129AA6-D163-4932-BDD7-39D0E5CE8821}.Debug|Any CPU.Build.0 = Debug|Any CPU
		{2F129AA6-D163-4932-BDD7-39D0E5CE8821}.Release|Any CPU.ActiveCfg = Release|Any CPU
		{2F129AA6-D163-4932-BDD7-39D0E5CE8821}.Release|Any CPU.Build.0 = Release|Any CPU
	EndGlobalSection
	GlobalSection(SolutionProperties) = preSolution
		HideSolutionNode = FALSE
	EndGlobalSection
	GlobalSection(ExtensibilityGlobals) = postSolution
		SolutionGuid = {3A2AFDE0-CFAF-452A-AB48-3CFEFFC59125}
	EndGlobalSection
EndGlobal
